%{
  "ex_panda": {:hex, :ex_panda, "0.2.0", "045a0f6ceb49514ce901b844ff5bc931e416e10fb312cb85723ee7eefd49afe0", [:mix], [], "hexpm", "5be988c2cf3d54a1a90a8636247ac8f3be52e4a96b4263422d3e5df0022d8bc1"},
  "floki": {:hex, :floki, "0.38.1", "f002ccac94b3bcb21d40d9b34cc2cc9fd88a8311879120330075b5dde657ebee", [:mix], [], "hexpm", "e744bf0db7ee34b2c8b62767f04071107af0516a81144b9a2f73fe0494200e5b"},
  "jason": {:hex, :jason, "1.4.4", "b9226785a9aa77b6857ca22832cffa5d5011a667207eb2a0ad56adb5db443b8a", [:mix], [{:decimal, "~> 1.0 or ~> 2.0", [hex: :decimal, repo: "hexpm", optional: true]}], "hexpm", "c5eb0cab91f094599f94d55bc63409236a8ec69a21a67814529e8d5f6cc90b3b"},
  "lumis": {:hex, :lumis, "0.5.0", "1d505ff56fede334cf0de78bace0b00433edddb848f4b1affbcc0dc2234cda2a", [:mix], [{:nimble_options, "~> 1.0", [hex: :nimble_options, repo: "hexpm", optional: false]}, {:rustler, "~> 0.29", [hex: :rustler, repo: "hexpm", optional: true]}, {:rustler_precompiled, "~> 0.6", [hex: :rustler_precompiled, repo: "hexpm", optional: false]}], "hexpm", "142a7aae2a22169a389cf70a6a71426092bc541abe699aab9eef31b36e972cb2"},
  "makeup": {:hex, :makeup, "1.2.1", "e90ac1c65589ef354378def3ba19d401e739ee7ee06fb47f94c687016e3713d1", [:mix], [{:nimble_parsec, "~> 1.4", [hex: :nimble_parsec, repo: "hexpm", optional: false]}], "hexpm", "d36484867b0bae0fea568d10131197a4c2e47056a6fbe84922bf6ba71c8d17ce"},
  "makeup_cure": {:hex, :makeup_cure, "0.2.0", "3db78ce4353f83e9beb8692e5b9cdae15404636ebd8e2d8340081a69107f5135", [:mix], [{:makeup, "~> 1.0", [hex: :makeup, repo: "hexpm", optional: false]}, {:nimble_parsec, "~> 1.2.3 or ~> 1.3", [hex: :nimble_parsec, repo: "hexpm", optional: false]}], "hexpm", "b6c16762768fb0b78ced38c4eaffb3e3a1e8a2124c6c4298ddaf5c4e93359f14"},
  "marcli": {:hex, :marcli, "0.3.1", "183d2c674e416cdd90a5b395d60d573ad5d4381ec18239de2b2cfa249d926d7c", [:mix], [{:color, "~> 0.3", [hex: :color, repo: "hexpm", optional: true]}, {:makeup, "~> 1.2", [hex: :makeup, repo: "hexpm", optional: true]}, {:mdex, "~> 0.11", [hex: :mdex, repo: "hexpm", optional: false]}], "hexpm", "731383f9b9bdfd13affe2d43a3cef441440c4a9182cb59724478e51b85e2c7d4"},
  "md": {:hex, :md, "0.12.0", "dac580faae691859b503d226a2af04224292a20095fc92e5277ef8415bd87642", [:mix], [{:floki, "~> 0.33", [hex: :floki, repo: "hexpm", optional: false]}, {:unicode_guards, "~> 1.0", [hex: :unicode_guards, repo: "hexpm", optional: false]}, {:xml_builder_ex, "~> 3.1", [hex: :xml_builder_ex, repo: "hexpm", optional: false]}], "hexpm", "29ef4051d9df5d70ade84d7b83cec16cd4ff7b6c187b0746abb1035d52980898"},
  "mdex": {:hex, :mdex, "0.12.2", "e5f7a62543a7580f3ff55dc2f2953b0d0e74b4327d77d3710946eb1bc9a9b569", [:mix], [{:jason, "~> 1.0", [hex: :jason, repo: "hexpm", optional: false]}, {:lumis, "~> 0.1", [hex: :lumis, repo: "hexpm", optional: false]}, {:nimble_options, "~> 1.0", [hex: :nimble_options, repo: "hexpm", optional: false]}, {:nimble_parsec, "~> 1.0", [hex: :nimble_parsec, repo: "hexpm", optional: false]}, {:phoenix_live_view, "~> 1.0", [hex: :phoenix_live_view, repo: "hexpm", optional: true]}, {:rustler, "~> 0.32", [hex: :rustler, repo: "hexpm", optional: true]}, {:rustler_precompiled, "~> 0.7", [hex: :rustler_precompiled, repo: "hexpm", optional: false]}], "hexpm", "72cfea060dc9135d66149feb506c13db76da7d3303f3276493bb34482df8f340"},
  "metastatic": {:hex, :metastatic, "0.20.3", "01b8a1eaf5a3e0a130bc3a5ed83dae3e35751497c5b3abd967334635f191e77e", [:mix], [{:ex_panda, "~> 0.2", [hex: :ex_panda, repo: "hexpm", optional: false]}, {:jason, "~> 1.4", [hex: :jason, repo: "hexpm", optional: false]}], "hexpm", "fad7acb3cd1f51b3889778865148970421ef842afaccb7b381f4151d26884b47"},
  "nimble_options": {:hex, :nimble_options, "1.1.1", "e3a492d54d85fc3fd7c5baf411d9d2852922f66e69476317787a7b2bb000a61b", [:mix], [], "hexpm", "821b2470ca9442c4b6984882fe9bb0389371b8ddec4d45a9504f00a66f650b44"},
  "nimble_parsec": {:hex, :nimble_parsec, "1.4.2", "8efba0122db06df95bfaa78f791344a89352ba04baedd3849593bfce4d0dc1c6", [:mix], [], "hexpm", "4b21398942dda052b403bbe1da991ccd03a053668d147d53fb8c4e0efe09c973"},
  "rustler_precompiled": {:hex, :rustler_precompiled, "0.9.0", "3a052eda09f3d2436364645cc1f13279cf95db310eb0c17b0d8f25484b233aa0", [:mix], [{:rustler, "~> 0.23", [hex: :rustler, repo: "hexpm", optional: true]}], "hexpm", "471d97315bd3bf7b64623418b3693eedd8e47de3d1cb79a0ac8f9da7d770d94c"},
  "toml": {:hex, :toml, "0.7.0", "fbcd773caa937d0c7a02c301a1feea25612720ac3fa1ccb8bfd9d30d822911de", [:mix], [], "hexpm", "0690246a2478c1defd100b0c9b89b4ea280a22be9a7b313a8a058a2408a2fa70"},
  "unicode": {:hex, :unicode, "1.21.1", "7a7b54c3784341b557a0785dc2788ecb18fb9feec1e6788c4b284c8b717eb696", [:mix], [], "hexpm", "aa8eb52bb0a25b8c3c08bdc3d4b1d0f53e2eb678800a80434bff0314c7bd834b"},
  "unicode_guards": {:hex, :unicode_guards, "1.0.1", "c9c5d6a4047f79b0c7f778e898c1b976feeccad701a593259e7629b0d9ca4911", [:mix], [{:nimble_parsec, "~> 0.5 or ~> 1.0", [hex: :nimble_parsec, repo: "hexpm", optional: false]}, {:unicode_set, "~> 1.0", [hex: :unicode_set, repo: "hexpm", optional: false]}], "hexpm", "49d77cb1dd2b120f7ef2de2f6406cd6517d542e09649710fce73f0daa49bc448"},
  "unicode_set": {:hex, :unicode_set, "1.6.1", "ef116c694f71429663833ac2a585f148bb77b6a53b816c2f675d314784497c1a", [:mix], [{:nimble_parsec, "~> 1.2.2 or ~> 1.3", [hex: :nimble_parsec, repo: "hexpm", optional: false]}, {:unicode, "~> 1.21", [hex: :unicode, repo: "hexpm", optional: false]}], "hexpm", "9e31ce44bacc294348a7e0bee0cf949b5226b32846112e324732004c59d7d7a0"},
  "xml_builder_ex": {:hex, :xml_builder_ex, "3.1.4159", "21e16b4e6cc0aa9b4ebaab020aa0d46a9be691d00c18d1ce5bc977e6baa2be19", [:mix], [], "hexpm", "186d2cc1783dcc98e781c5a437b5430991c8065e85de24d37a70b856125b94c9"},
}
